
Microsoft Visual Studio Solution File, Format Version 12.00
# Visual Studio Version 16
VisualStudioVersion = 16.0.30503.244
MinimumVisualStudioVersion = 10.0.40219.1
Project("{888888A0-9F3D-457C-B088-3A5042F75D52}") = "HandwritingSmoother", "HandwritingSmoother.pyproj", "{CB06134B-B283-4D32-91D1-2EED8DAFFEE0}"
EndProject
Global
	GlobalSection(SolutionConfigurationPlatforms) = preSolution
		Debug|Any CPU = Debug|Any CPU
		Release|Any CPU = Release|Any CPU
	EndGlobalSection
	GlobalSection(ProjectConfigurationPlatforms) = postSolution
		{CB06134B-B283-4D32-91D1-2EED8DAFFEE0}.Debug|Any CPU.ActiveCfg = Debug|Any CPU
		{CB06134B-B283-4D32-91D1-2EED8DAFFEE0}.Release|Any CPU.ActiveCfg = Release|Any CPU
	EndGlobalSection
	GlobalSection(SolutionProperties) = preSolution
		HideSolutionNode = FALSE
	EndGlobalSection
	GlobalSection(ExtensibilityGlobals) = postSolution
		SolutionGuid = {F224CA35-C85E-499F-9AC7-5012BA7F1984}
	EndGlobalSection
EndGlobal
